
Microsoft Visual Studio Solution File, Format Version 11.00
# Visual Studio 2010
Project("{FAE04EC0-301F-11D3-BF4B-00C04F79EFBC}") = "ASPNET_Test", "ASPNET_Test\ASPNET_Test.csproj", "{3AADE8C7-6329-4E00-832D-BFB5692F0C4D}"
EndProject
Global
	GlobalSection(SolutionConfigurationPlatforms) = preSolution
		Debug|Any CPU = Debug|Any CPU
		Release|Any CPU = Release|Any CPU
	EndGlobalSection
	GlobalSection(ProjectConfigurationPlatforms) = postSolution
		{3AADE8C7-6329-4E00-832D-BFB5692F0C4D}.Debug|Any CPU.ActiveCfg = Debug|Any CPU
		{3AADE8C7-6329-4E00-832D-BFB5692F0C4D}.Debug|Any CPU.Build.0 = Debug|Any CPU
		{3AADE8C7-6329-4E00-832D-BFB5692F0C4D}.Release|Any CPU.ActiveCfg = Release|Any CPU
		{3AADE8C7-6329-4E00-832D-BFB5692F0C4D}.Release|Any CPU.Build.0 = Release|Any CPU
	EndGlobalSection
	GlobalSection(SolutionProperties) = preSolution
		HideSolutionNode = FALSE
	EndGlobalSection
EndGlobal
